
Microsoft Visual Studio Solution File, Format Version 12.00
# Visual Studio Version 16
VisualStudioVersion = 16.0.30907.101
MinimumVisualStudioVersion = 10.0.40219.1
Project("{9A19103F-16F7-4668-BE54-9A1E7A4F7556}") = "KampIntro", "KampIntro\KampIntro.csproj", "{29C7B263-8404-4EA3-A096-B66F29D2DBE2}"
EndProject
Project("{9A19103F-16F7-4668-BE54-9A1E7A4F7556}") = "Donguler", "Donguler\Donguler.csproj", "{1B99F0E5-4BF1-457E-AE08-B868FE7F5EBE}"
EndProject
Project("{9A19103F-16F7-4668-BE54-9A1E7A4F7556}") = "ClassIntro", "ClassIntro\ClassIntro.csproj", "{7DF69FAE-D206-49E9-8FB8-7C6711AF27B0}"
EndProject
Project("{9A19103F-16F7-4668-BE54-9A1E7A4F7556}") = "Methods", "Methods\Methods.csproj", "{0A5BC7D6-118E-413A-BDCA-3F9B693AF5F9}"
EndProject
Project("{9A19103F-16F7-4668-BE54-9A1E7A4F7556}") = "Matematik", "Matematik\Matematik.csproj", "{3E2B5C00-8B5C-43EA-AFF7-39A382B55FAA}"
EndProject
Project("{9A19103F-16F7-4668-BE54-9A1E7A4F7556}") = "DegerVeReferansTipler", "DegerVeReferansTipler\DegerVeReferansTipler.csproj", "{3DC89C82-641D-46E1-AEDB-EB7B5018B1D3}"
EndProject
Project("{9A19103F-16F7-4668-BE54-9A1E7A4F7556}") = "OOP1", "OOP1\OOP1.csproj", "{982FE6CD-F1D2-4BC1-A584-989804B542A4}"
EndProject
Project("{9A19103F-16F7-4668-BE54-9A1E7A4F7556}") = "Koleksiyonlar", "Koleksiyonlar\Koleksiyonlar.csproj", "{42685581-60A5-402B-A675-E42482699B7A}"
EndProject
Project("{9A19103F-16F7-4668-BE54-9A1E7A4F7556}") = "GenericsIntro", "GenericsIntro\GenericsIntro.csproj", "{D478BEAA-C840-4BF3-84A4-2BEBAC7BD81C}"
EndProject
Project("{FAE04EC0-301F-11D3-BF4B-00C04F79EFBC}") = "OOP2", "OOP2\OOP2.csproj", "{9D117044-E0CF-4616-8B63-413CB7D32A93}"
EndProject
Project("{FAE04EC0-301F-11D3-BF4B-00C04F79EFBC}") = "OOP3", "OOP3\OOP3.csproj", "{D176ECCE-371F-49D1-9FB9-F27720CC9C70}"
EndProject
Global
	GlobalSection(SolutionConfigurationPlatforms) = preSolution
		Debug|Any CPU = Debug|Any CPU
		Release|Any CPU = Release|Any CPU
	EndGlobalSection
	GlobalSection(ProjectConfigurationPlatforms) = postSolution
		{29C7B263-8404-4EA3-A096-B66F29D2DBE2}.Debug|Any CPU.ActiveCfg = Debug|Any CPU
		{29C7B263-8404-4EA3-A096-B66F29D2DBE2}.Debug|Any CPU.Build.0 = Debug|Any CPU
		{29C7B263-8404-4EA3-A096-B66F29D2DBE2}.Release|Any CPU.ActiveCfg = Release|Any CPU
		{29C7B263-8404-4EA3-A096-B66F29D2DBE2}.Release|Any CPU.Build.0 = Release|Any CPU
		{1B99F0E5-4BF1-457E-AE08-B868FE7F5EBE}.Debug|Any CPU.ActiveCfg = Debug|Any CPU
		{1B99F0E5-4BF1-457E-AE08-B868FE7F5EBE}.Debug|Any CPU.Build.0 = Debug|Any CPU
		{1B99F0E5-4BF1-457E-AE08-B868FE7F5EBE}.Release|Any CPU.ActiveCfg = Release|Any CPU
		{1B99F0E5-4BF1-457E-AE08-B868FE7F5EBE}.Release|Any CPU.Build.0 = Release|Any CPU
		{7DF69FAE-D206-49E9-8FB8-7C6711AF27B0}.Debug|Any CPU.ActiveCfg = Debug|Any CPU
		{7DF69FAE-D206-49E9-8FB8-7C6711AF27B0}.Debug|Any CPU.Build.0 = Debug|Any CPU
		{7DF69FAE-D206-49E9-8FB8-7C6711AF27B0}.Release|Any CPU.ActiveCfg = Release|Any CPU
		{7DF69FAE-D206-49E9-8FB8-7C6711AF27B0}.Release|Any CPU.Build.0 = Release|Any CPU
		{0A5BC7D6-118E-413A-BDCA-3F9B693AF5F9}.Debug|Any CPU.ActiveCfg = Debug|Any CPU
		{0A5BC7D6-118E-413A-BDCA-3F9B693AF5F9}.Debug|Any CPU.Build.0 = Debug|Any CPU
		{0A5BC7D6-118E-413A-BDCA-3F9B693AF5F9}.Release|Any CPU.ActiveCfg = Release|Any CPU
		{0A5BC7D6-118E-413A-BDCA-3F9B693AF5F9}.Release|Any CPU.Build.0 = Release|Any CPU
		{3E2B5C00-8B5C-43EA-AFF7-39A382B55FAA}.Debug|Any CPU.ActiveCfg = Debug|Any CPU
		{3E2B5C00-8B5C-43EA-AFF7-39A382B55FAA}.Debug|Any CPU.Build.0 = Debug|Any CPU
		{3E2B5C00-8B5C-43EA-AFF7-39A382B55FAA}.Release|Any CPU.ActiveCfg = Release|Any CPU
		{3E2B5C00-8B5C-43EA-AFF7-39A382B55FAA}.Release|Any CPU.Build.0 = Release|Any CPU
		{3DC89C82-641D-46E1-AEDB-EB7B5018B1D3}.Debug|Any CPU.ActiveCfg = Debug|Any CPU
		{3DC89C82-641D-46E1-AEDB-EB7B5018B1D3}.Debug|Any CPU.Build.0 = Debug|Any CPU
		{3DC89C82-641D-46E1-AEDB-EB7B5018B1D3}.Release|Any CPU.ActiveCfg = Release|Any CPU
		{3DC89C82-641D-46E1-AEDB-EB7B5018B1D3}.Release|Any CPU.Build.0 = Release|Any CPU
		{982FE6CD-F1D2-4BC1-A584-989804B542A4}.Debug|Any CPU.ActiveCfg = Debug|Any CPU
		{982FE6CD-F1D2-4BC1-A584-989804B542A4}.Debug|Any CPU.Build.0 = Debug|Any CPU
		{982FE6CD-F1D2-4BC1-A584-989804B542A4}.Release|Any CPU.ActiveCfg = Release|Any CPU
		{982FE6CD-F1D2-4BC1-A584-989804B542A4}.Release|Any CPU.Build.0 = Release|Any CPU
		{42685581-60A5-402B-A675-E42482699B7A}.Debug|Any CPU.ActiveCfg = Debug|Any CPU
		{42685581-60A5-402B-A675-E42482699B7A}.Debug|Any CPU.Build.0 = Debug|Any CPU
		{42685581-60A5-402B-A675-E42482699B7A}.Release|Any CPU.ActiveCfg = Release|Any CPU
		{42685581-60A5-402B-A675-E42482699B7A}.Release|Any CPU.Build.0 = Release|Any CPU
		{D478BEAA-C840-4BF3-84A4-2BEBAC7BD81C}.Debug|Any CPU.ActiveCfg = Debug|Any CPU
		{D478BEAA-C840-4BF3-84A4-2BEBAC7BD81C}.Debug|Any CPU.Build.0 = Debug|Any CPU
		{D478BEAA-C840-4BF3-84A4-2BEBAC7BD81C}.Release|Any CPU.ActiveCfg = Release|Any CPU
		{D478BEAA-C840-4BF3-84A4-2BEBAC7BD81C}.Release|Any CPU.Build.0 = Release|Any CPU
		{9D117044-E0CF-4616-8B63-413CB7D32A93}.Debug|Any CPU.ActiveCfg = Debug|Any CPU
		{9D117044-E0CF-4616-8B63-413CB7D32A93}.Debug|Any CPU.Build.0 = Debug|Any CPU
		{9D117044-E0CF-4616-8B63-413CB7D32A93}.Release|Any CPU.ActiveCfg = Release|Any CPU
		{9D117044-E0CF-4616-8B63-413CB7D32A93}.Release|Any CPU.Build.0 = Release|Any CPU
		{D176ECCE-371F-49D1-9FB9-F27720CC9C70}.Debug|Any CPU.ActiveCfg = Debug|Any CPU
		{D176ECCE-371F-49D1-9FB9-F27720CC9C70}.Debug|Any CPU.Build.0 = Debug|Any CPU
		{D176ECCE-371F-49D1-9FB9-F27720CC9C70}.Release|Any CPU.ActiveCfg = Release|Any CPU
		{D176ECCE-371F-49D1-9FB9-F27720CC9C70}.Release|Any CPU.Build.0 = Release|Any CPU
	EndGlobalSection
	GlobalSection(SolutionProperties) = preSolution
		HideSolutionNode = FALSE
	EndGlobalSection
	GlobalSection(ExtensibilityGlobals) = postSolution
		SolutionGuid = {5E87CB8B-A056-4010-8955-35CF2A36AF2D}
	EndGlobalSection
EndGlobal
